{
  "version": 4,
  "terraform_version": "1.9.5",
  "serial": 5,
  "lineage": "91cf98b1-5fee-1d8c-bff6-49d30e7d7d8e",
  "outputs": {
    "external_ip": {
      "value": "51.250.20.176",
      "type": "string"
    }
  },
  "resources": [
    {
      "mode": "managed",
      "type": "yandex_compute_instance",
      "name": "server1",
      "provider": "provider[\"registry.terraform.io/yandex-cloud/yandex\"]",
      "instances": [
        {
          "schema_version": 1,
          "attributes": {
            "allow_recreate": null,
            "allow_stopping_for_update": null,
            "boot_disk": [
              {
                "auto_delete": true,
                "device_name": "epds3s010d65bv0pmf4r",
                "disk_id": "epds3s010d65bv0pmf4r",
                "initialize_params": [
                  {
                    "block_size": 4096,
                    "description": "",
                    "image_id": "fd8odgh2ltidn5403fbq",
                    "name": "",
                    "size": 50,
                    "snapshot_id": "",
                    "type": "network-hdd"
                  }
                ],
                "mode": "READ_WRITE"
              }
            ],
            "created_at": "2024-09-09T20:36:59Z",
            "description": "",
            "filesystem": [],
            "folder_id": "b1g2he0fb1saj4amrkel",
            "fqdn": "epd6abn4o08oh33egn9q.auto.internal",
            "gpu_cluster_id": "",
            "hostname": "",
            "id": "epd6abn4o08oh33egn9q",
            "labels": null,
            "local_disk": [],
            "maintenance_grace_period": "",
            "maintenance_policy": null,
            "metadata": {
              "ssh-keys": "ubuntu:ssh-rsa AAAAB3NzaC1yc2EAAAADAQABAAABgQDBOnGYgclREVfv02FBK7yybz8GzA/yhGcSBpJg+FeZoYbf0QGUglAlbEtJcxGt9LtM+SlFuSe+0uGxZFh9XUCVa8fXytOhPj+T6VRb0lpQPNLkP+OQfWtJNpCMxJ4ehfxo3Dxs0wZ7OIp2qG+lpL7Vmc1/4n5UFwyqakIDabdETWVAcztU2fUJrGmg83F/tcDi09yEX3k4gedGRMZpkxkyQJ6IbNuGGzrTm5Wx7oOnotKkqbw5KaXWhW6VI331ixnGh3vU7T60uv6kDHsSpSZgf7lTB9skPh2IijYMiCQET5+jsRDK/hg2mc7lOCEvoJSUL3+TXGqhJEgYig0G+soxk7jzO8fiKeu8Wd8z8uveIFImoPxI4LFXRJAyKX4pCHV2aI1653KeWE2jHh5LTdHcbupy/BAlRV909Zlcuwp8LghT4YTX6AukDZfnoVLwruJ+KrMGTFo0GiNRO+5Uim+bXatIx64vNeFp0guYLOfdI2O96/LOoVtyo0ZUsylq5Nk= dimam@DESKTOP-KQDGQ9R\r\n",
              "user-data": "#! /bin/bash\n\napt update \u0026\u0026 apt install docker.io -y \u0026\u0026 apt install docker-compose -y \u0026\u0026 apt install npm -y \u0026\u0026 apt install maven -y \u0026\u0026 apt install openjdk-17-jdk openjdk-17-jre -y"
            },
            "metadata_options": [
              {
                "aws_v1_http_endpoint": 1,
                "aws_v1_http_token": 2,
                "gce_http_endpoint": 1,
                "gce_http_token": 1
              }
            ],
            "name": "devops-vm",
            "network_acceleration_type": "standard",
            "network_interface": [
              {
                "dns_record": [],
                "index": 0,
                "ip_address": "10.129.0.12",
                "ipv4": true,
                "ipv6": false,
                "ipv6_address": "",
                "ipv6_dns_record": [],
                "mac_address": "d0:0d:65:2e:e4:c0",
                "nat": true,
                "nat_dns_record": [],
                "nat_ip_address": "51.250.20.176",
                "nat_ip_version": "IPV4",
                "security_group_ids": [],
                "subnet_id": "e2lniguur814g1qa18vd"
              }
            ],
            "placement_policy": [
              {
                "host_affinity_rules": [],
                "placement_group_id": "",
                "placement_group_partition": 0
              }
            ],
            "platform_id": "standard-v2",
            "resources": [
              {
                "core_fraction": 100,
                "cores": 2,
                "gpus": 0,
                "memory": 2
              }
            ],
            "scheduling_policy": [
              {
                "preemptible": false
              }
            ],
            "secondary_disk": [],
            "service_account_id": "",
            "status": "running",
            "timeouts": null,
            "zone": "ru-central1-b"
          },
          "sensitive_attributes": [],
          "private": "eyJlMmJmYjczMC1lY2FhLTExZTYtOGY4OC0zNDM2M2JjN2M0YzAiOnsiY3JlYXRlIjozMDAwMDAwMDAwMDAsImRlbGV0ZSI6MzAwMDAwMDAwMDAwLCJ1cGRhdGUiOjMwMDAwMDAwMDAwMH0sInNjaGVtYV92ZXJzaW9uIjoiMSJ9",
          "dependencies": [
            "yandex_vpc_address.devops-static-ip",
            "yandex_vpc_network.devops-network",
            "yandex_vpc_subnet.devops-subnet"
          ]
        }
      ]
    },
    {
      "mode": "managed",
      "type": "yandex_vpc_address",
      "name": "devops-static-ip",
      "provider": "provider[\"registry.terraform.io/yandex-cloud/yandex\"]",
      "instances": [
        {
          "schema_version": 0,
          "attributes": {
            "created_at": "2024-09-09T20:36:57Z",
            "deletion_protection": false,
            "description": "",
            "dns_record": [],
            "external_ipv4_address": [
              {
                "address": "51.250.20.176",
                "ddos_protection_provider": "",
                "outgoing_smtp_capability": "",
                "zone_id": "ru-central1-b"
              }
            ],
            "folder_id": "b1g2he0fb1saj4amrkel",
            "id": "e2l5i4rk1mc8fmghajmq",
            "labels": {},
            "name": "vm-static-ip",
            "reserved": true,
            "timeouts": null,
            "used": false
          },
          "sensitive_attributes": [],
          "private": "eyJlMmJmYjczMC1lY2FhLTExZTYtOGY4OC0zNDM2M2JjN2M0YzAiOnsiY3JlYXRlIjozMDAwMDAwMDAwMCwiZGVsZXRlIjozMDAwMDAwMDAwMCwidXBkYXRlIjozMDAwMDAwMDAwMH19"
        }
      ]
    },
    {
      "mode": "managed",
      "type": "yandex_vpc_network",
      "name": "devops-network",
      "provider": "provider[\"registry.terraform.io/yandex-cloud/yandex\"]",
      "instances": [
        {
          "schema_version": 0,
          "attributes": {
            "created_at": "2024-09-09T20:36:57Z",
            "default_security_group_id": "enpsdvprg43bgaujnem4",
            "description": "",
            "folder_id": "b1g2he0fb1saj4amrkel",
            "id": "enpc6oc49aroc58so84g",
            "labels": {},
            "name": "devops-network",
            "subnet_ids": [],
            "timeouts": null
          },
          "sensitive_attributes": [],
          "private": "eyJlMmJmYjczMC1lY2FhLTExZTYtOGY4OC0zNDM2M2JjN2M0YzAiOnsiY3JlYXRlIjo2MDAwMDAwMDAwMCwiZGVsZXRlIjo2MDAwMDAwMDAwMCwidXBkYXRlIjo2MDAwMDAwMDAwMH19"
        }
      ]
    },
    {
      "mode": "managed",
      "type": "yandex_vpc_subnet",
      "name": "devops-subnet",
      "provider": "provider[\"registry.terraform.io/yandex-cloud/yandex\"]",
      "instances": [
        {
          "schema_version": 0,
          "attributes": {
            "created_at": "2024-09-09T20:36:58Z",
            "description": "",
            "dhcp_options": [],
            "folder_id": "b1g2he0fb1saj4amrkel",
            "id": "e2lniguur814g1qa18vd",
            "labels": {},
            "name": "",
            "network_id": "enpc6oc49aroc58so84g",
            "route_table_id": "",
            "timeouts": null,
            "v4_cidr_blocks": [
              "10.129.0.0/24"
            ],
            "v6_cidr_blocks": [],
            "zone": "ru-central1-b"
          },
          "sensitive_attributes": [],
          "private": "eyJlMmJmYjczMC1lY2FhLTExZTYtOGY4OC0zNDM2M2JjN2M0YzAiOnsiY3JlYXRlIjoxODAwMDAwMDAwMDAsImRlbGV0ZSI6MTgwMDAwMDAwMDAwLCJ1cGRhdGUiOjE4MDAwMDAwMDAwMH19",
          "dependencies": [
            "yandex_vpc_network.devops-network"
          ]
        }
      ]
    }
  ],
  "check_results": null
}
